<?xml version="1.0" encoding="utf-8"?>
<Project ToolsVersion="4.0" xmlns="http://schemas.microsoft.com/developer/msbuild/2003">
  <ItemGroup>
    <ClCompile Include="..\..\src\Arena.cpp" />
    <ClCompile Include="..\..\src\main.cpp" />
    <ClCompile Include="..\..\src\unit.cpp" />
    <ClCompile Include="..\..\src\Alexmak.cpp" />
    <ClCompile Include="..\..\src\Loner.cpp" />
    <ClCompile Include="..\..\src\Warrior.cpp" />
  </ItemGroup>
  <ItemGroup>
    <ClInclude Include="..\..\src\Arena.h" />
    <ClInclude Include="..\..\src\unit.h" />
    <ClInclude Include="..\..\src\Alexmak.h" />
    <ClInclude Include="..\..\src\Loner.h" />
    <ClInclude Include="..\..\src\Warrior.h" />
  </ItemGroup>
</Project>