// !$*UTF8*$!
{
	archiveVersion = 1;
	classes = {
	};
	objectVersion = 46;
	objects = {

/* Begin PBXBuildFile section */
		7F16C53F1CC2276200A2A2F9 /* Alexmak.cpp in Sources */ = {isa = PBXBuildFile; fileRef = 7F16C5321CC2276200A2A2F9 /* Alexmak.cpp */; };
		7F16C5401CC2276200A2A2F9 /* Arena.cpp in Sources */ = {isa = PBXBuildFile; fileRef = 7F16C5341CC2276200A2A2F9 /* Arena.cpp */; };
		7F16C5411CC2276200A2A2F9 /* Loner.cpp in Sources */ = {isa = PBXBuildFile; fileRef = 7F16C5361CC2276200A2A2F9 /* Loner.cpp */; };
		7F16C5421CC2276200A2A2F9 /* main.cpp in Sources */ = {isa = PBXBuildFile; fileRef = 7F16C5381CC2276200A2A2F9 /* main.cpp */; };
		7F16C5431CC2276200A2A2F9 /* terminator.cpp in Sources */ = {isa = PBXBuildFile; fileRef = 7F16C5391CC2276200A2A2F9 /* terminator.cpp */; };
		7F16C5441CC2276200A2A2F9 /* unit.cpp in Sources */ = {isa = PBXBuildFile; fileRef = 7F16C53B1CC2276200A2A2F9 /* unit.cpp */; };
		7F16C5451CC2276200A2A2F9 /* Warrior.cpp in Sources */ = {isa = PBXBuildFile; fileRef = 7F16C53D1CC2276200A2A2F9 /* Warrior.cpp */; };
		7F16C5481CC2279200A2A2F9 /* Edgar.cpp in Sources */ = {isa = PBXBuildFile; fileRef = 7F16C5461CC2279200A2A2F9 /* Edgar.cpp */; };
/* End PBXBuildFile section */

/* Begin PBXCopyFilesBuildPhase section */
		7F5CC7071CA6805800FCA0DF /* CopyFiles */ = {
			isa = PBXCopyFilesBuildPhase;
			buildActionMask = 2147483647;
			dstPath = /usr/share/man/man1/;
			dstSubfolderSpec = 0;
			files = (
			);
			runOnlyForDeploymentPostprocessing = 1;
		};
/* End PBXCopyFilesBuildPhase section */

/* Begin PBXFileReference section */
		7F16C5321CC2276200A2A2F9 /* Alexmak.cpp */ = {isa = PBXFileReference; fileEncoding = 4; lastKnownFileType = sourcecode.cpp.cpp; name = Alexmak.cpp; path = ../../src/Alexmak.cpp; sourceTree = "<group>"; };
		7F16C5331CC2276200A2A2F9 /* Alexmak.h */ = {isa = PBXFileReference; fileEncoding = 4; lastKnownFileType = sourcecode.c.h; name = Alexmak.h; path = ../../src/Alexmak.h; sourceTree = "<group>"; };
		7F16C5341CC2276200A2A2F9 /* Arena.cpp */ = {isa = PBXFileReference; fileEncoding = 4; lastKnownFileType = sourcecode.cpp.cpp; name = Arena.cpp; path = ../../src/Arena.cpp; sourceTree = "<group>"; };
		7F16C5351CC2276200A2A2F9 /* Arena.h */ = {isa = PBXFileReference; fileEncoding = 4; lastKnownFileType = sourcecode.c.h; name = Arena.h; path = ../../src/Arena.h; sourceTree = "<group>"; };
		7F16C5361CC2276200A2A2F9 /* Loner.cpp */ = {isa = PBXFileReference; fileEncoding = 4; lastKnownFileType = sourcecode.cpp.cpp; name = Loner.cpp; path = ../../src/Loner.cpp; sourceTree = "<group>"; };
		7F16C5371CC2276200A2A2F9 /* Loner.h */ = {isa = PBXFileReference; fileEncoding = 4; lastKnownFileType = sourcecode.c.h; name = Loner.h; path = ../../src/Loner.h; sourceTree = "<group>"; };
		7F16C5381CC2276200A2A2F9 /* main.cpp */ = {isa = PBXFileReference; fileEncoding = 4; lastKnownFileType = sourcecode.cpp.cpp; name = main.cpp; path = ../../src/main.cpp; sourceTree = "<group>"; };
		7F16C5391CC2276200A2A2F9 /* terminator.cpp */ = {isa = PBXFileReference; fileEncoding = 4; lastKnownFileType = sourcecode.cpp.cpp; name = terminator.cpp; path = ../../src/terminator.cpp; sourceTree = "<group>"; };
		7F16C53A1CC2276200A2A2F9 /* terminator.h */ = {isa = PBXFileReference; fileEncoding = 4; lastKnownFileType = sourcecode.c.h; name = terminator.h; path = ../../src/terminator.h; sourceTree = "<group>"; };
		7F16C53B1CC2276200A2A2F9 /* unit.cpp */ = {isa = PBXFileReference; fileEncoding = 4; lastKnownFileType = sourcecode.cpp.cpp; name = unit.cpp; path = ../../src/unit.cpp; sourceTree = "<group>"; };
		7F16C53C1CC2276200A2A2F9 /* unit.h */ = {isa = PBXFileReference; fileEncoding = 4; lastKnownFileType = sourcecode.c.h; name = unit.h; path = ../../src/unit.h; sourceTree = "<group>"; };
		7F16C53D1CC2276200A2A2F9 /* Warrior.cpp */ = {isa = PBXFileReference; fileEncoding = 4; lastKnownFileType = sourcecode.cpp.cpp; name = Warrior.cpp; path = ../../src/Warrior.cpp; sourceTree = "<group>"; };
		7F16C53E1CC2276200A2A2F9 /* Warrior.h */ = {isa = PBXFileReference; fileEncoding = 4; lastKnownFileType = sourcecode.c.h; name = Warrior.h; path = ../../src/Warrior.h; sourceTree = "<group>"; };
		7F16C5461CC2279200A2A2F9 /* Edgar.cpp */ = {isa = PBXFileReference; fileEncoding = 4; lastKnownFileType = sourcecode.cpp.cpp; path = Edgar.cpp; sourceTree = "<group>"; };
		7F16C5471CC2279200A2A2F9 /* Edgar.hpp */ = {isa = PBXFileReference; fileEncoding = 4; lastKnownFileType = sourcecode.cpp.h; path = Edgar.hpp; sourceTree = "<group>"; };
		7F5CC7091CA6805800FCA0DF /* QWE */ = {isa = PBXFileReference; explicitFileType = "compiled.mach-o.executable"; includeInIndex = 0; path = QWE; sourceTree = BUILT_PRODUCTS_DIR; };
/* End PBXFileReference section */

/* Begin PBXFrameworksBuildPhase section */
		7F5CC7061CA6805800FCA0DF /* Frameworks */ = {
			isa = PBXFrameworksBuildPhase;
			buildActionMask = 2147483647;
			files = (
			);
			runOnlyForDeploymentPostprocessing = 0;
		};
/* End PBXFrameworksBuildPhase section */

/* Begin PBXGroup section */
		7F5CC7001CA6805800FCA0DF = {
			isa = PBXGroup;
			children = (
				7F5CC70B1CA6805800FCA0DF /* QWE */,
				7F5CC70A1CA6805800FCA0DF /* Products */,
			);
			sourceTree = "<group>";
		};
		7F5CC70A1CA6805800FCA0DF /* Products */ = {
			isa = PBXGroup;
			children = (
				7F5CC7091CA6805800FCA0DF /* QWE */,
			);
			name = Products;
			sourceTree = "<group>";
		};
		7F5CC70B1CA6805800FCA0DF /* QWE */ = {
			isa = PBXGroup;
			children = (
				7F16C5321CC2276200A2A2F9 /* Alexmak.cpp */,
				7F16C5331CC2276200A2A2F9 /* Alexmak.h */,
				7F16C5341CC2276200A2A2F9 /* Arena.cpp */,
				7F16C5351CC2276200A2A2F9 /* Arena.h */,
				7F16C5361CC2276200A2A2F9 /* Loner.cpp */,
				7F16C5371CC2276200A2A2F9 /* Loner.h */,
				7F16C5381CC2276200A2A2F9 /* main.cpp */,
				7F16C5391CC2276200A2A2F9 /* terminator.cpp */,
				7F16C53A1CC2276200A2A2F9 /* terminator.h */,
				7F16C53B1CC2276200A2A2F9 /* unit.cpp */,
				7F16C53C1CC2276200A2A2F9 /* unit.h */,
				7F16C53D1CC2276200A2A2F9 /* Warrior.cpp */,
				7F16C53E1CC2276200A2A2F9 /* Warrior.h */,
				7F16C5461CC2279200A2A2F9 /* Edgar.cpp */,
				7F16C5471CC2279200A2A2F9 /* Edgar.hpp */,
			);
			path = QWE;
			sourceTree = "<group>";
		};
/* End PBXGroup section */

/* Begin PBXNativeTarget section */
		7F5CC7081CA6805800FCA0DF /* QWE */ = {
			isa = PBXNativeTarget;
			buildConfigurationList = 7F5CC7101CA6805800FCA0DF /* Build configuration list for PBXNativeTarget "QWE" */;
			buildPhases = (
				7F5CC7051CA6805800FCA0DF /* Sources */,
				7F5CC7061CA6805800FCA0DF /* Frameworks */,
				7F5CC7071CA6805800FCA0DF /* CopyFiles */,
			);
			buildRules = (
			);
			dependencies = (
			);
			name = QWE;
			productName = QWE;
			productReference = 7F5CC7091CA6805800FCA0DF /* QWE */;
			productType = "com.apple.product-type.tool";
		};
/* End PBXNativeTarget section */

/* Begin PBXProject section */
		7F5CC7011CA6805800FCA0DF /* Project object */ = {
			isa = PBXProject;
			attributes = {
				LastUpgradeCheck = 0710;
				ORGANIZATIONNAME = "Egor Yanukovich";
				TargetAttributes = {
					7F5CC7081CA6805800FCA0DF = {
						CreatedOnToolsVersion = 7.1.1;
					};
				};
			};
			buildConfigurationList = 7F5CC7041CA6805800FCA0DF /* Build configuration list for PBXProject "QWE" */;
			compatibilityVersion = "Xcode 3.2";
			developmentRegion = English;
			hasScannedForEncodings = 0;
			knownRegions = (
				en,
			);
			mainGroup = 7F5CC7001CA6805800FCA0DF;
			productRefGroup = 7F5CC70A1CA6805800FCA0DF /* Products */;
			projectDirPath = "";
			projectRoot = "";
			targets = (
				7F5CC7081CA6805800FCA0DF /* QWE */,
			);
		};
/* End PBXProject section */

/* Begin PBXSourcesBuildPhase section */
		7F5CC7051CA6805800FCA0DF /* Sources */ = {
			isa = PBXSourcesBuildPhase;
			buildActionMask = 2147483647;
			files = (
				7F16C5451CC2276200A2A2F9 /* Warrior.cpp in Sources */,
				7F16C53F1CC2276200A2A2F9 /* Alexmak.cpp in Sources */,
				7F16C5431CC2276200A2A2F9 /* terminator.cpp in Sources */,
				7F16C5401CC2276200A2A2F9 /* Arena.cpp in Sources */,
				7F16C5421CC2276200A2A2F9 /* main.cpp in Sources */,
				7F16C5481CC2279200A2A2F9 /* Edgar.cpp in Sources */,
				7F16C5411CC2276200A2A2F9 /* Loner.cpp in Sources */,
				7F16C5441CC2276200A2A2F9 /* unit.cpp in Sources */,
			);
			runOnlyForDeploymentPostprocessing = 0;
		};
/* End PBXSourcesBuildPhase section */

/* Begin XCBuildConfiguration section */
		7F5CC70E1CA6805800FCA0DF /* Debug */ = {
			isa = XCBuildConfiguration;
			buildSettings = {
				ALWAYS_SEARCH_USER_PATHS = NO;
				CLANG_CXX_LANGUAGE_STANDARD = "gnu++0x";
				CLANG_CXX_LIBRARY = "libc++";
				CLANG_ENABLE_MODULES = YES;
				CLANG_ENABLE_OBJC_ARC = YES;
				CLANG_WARN_BOOL_CONVERSION = YES;
				CLANG_WARN_CONSTANT_CONVERSION = YES;
				CLANG_WARN_DIRECT_OBJC_ISA_USAGE = YES_ERROR;
				CLANG_WARN_EMPTY_BODY = YES;
				CLANG_WARN_ENUM_CONVERSION = YES;
				CLANG_WARN_INT_CONVERSION = YES;
				CLANG_WARN_OBJC_ROOT_CLASS = YES_ERROR;
				CLANG_WARN_UNREACHABLE_CODE = YES;
				CLANG_WARN__DUPLICATE_METHOD_MATCH = YES;
				CODE_SIGN_IDENTITY = "-";
				COPY_PHASE_STRIP = NO;
				DEBUG_INFORMATION_FORMAT = dwarf;
				ENABLE_STRICT_OBJC_MSGSEND = YES;
				ENABLE_TESTABILITY = YES;
				GCC_C_LANGUAGE_STANDARD = gnu99;
				GCC_DYNAMIC_NO_PIC = NO;
				GCC_NO_COMMON_BLOCKS = YES;
				GCC_OPTIMIZATION_LEVEL = 0;
				GCC_PREPROCESSOR_DEFINITIONS = (
					"DEBUG=1",
					"$(inherited)",
				);
				GCC_WARN_64_TO_32_BIT_CONVERSION = YES;
				GCC_WARN_ABOUT_RETURN_TYPE = YES_ERROR;
				GCC_WARN_UNDECLARED_SELECTOR = YES;
				GCC_WARN_UNINITIALIZED_AUTOS = YES_AGGRESSIVE;
				GCC_WARN_UNUSED_FUNCTION = YES;
				GCC_WARN_UNUSED_VARIABLE = YES;
				MACOSX_DEPLOYMENT_TARGET = 10.11;
				MTL_ENABLE_DEBUG_INFO = YES;
				ONLY_ACTIVE_ARCH = YES;
				SDKROOT = macosx;
			};
			name = Debug;
		};
		7F5CC70F1CA6805800FCA0DF /* Release */ = {
			isa = XCBuildConfiguration;
			buildSettings = {
				ALWAYS_SEARCH_USER_PATHS = NO;
				CLANG_CXX_LANGUAGE_STANDARD = "gnu++0x";
				CLANG_CXX_LIBRARY = "libc++";
				CLANG_ENABLE_MODULES = YES;
				CLANG_ENABLE_OBJC_ARC = YES;
				CLANG_WARN_BOOL_CONVERSION = YES;
				CLANG_WARN_CONSTANT_CONVERSION = YES;
				CLANG_WARN_DIRECT_OBJC_ISA_USAGE = YES_ERROR;
				CLANG_WARN_EMPTY_BODY = YES;
				CLANG_WARN_ENUM_CONVERSION = YES;
				CLANG_WARN_INT_CONVERSION = YES;
				CLANG_WARN_OBJC_ROOT_CLASS = YES_ERROR;
				CLANG_WARN_UNREACHABLE_CODE = YES;
				CLANG_WARN__DUPLICATE_METHOD_MATCH = YES;
				CODE_SIGN_IDENTITY = "-";
				COPY_PHASE_STRIP = NO;
				DEBUG_INFORMATION_FORMAT = "dwarf-with-dsym";
				ENABLE_NS_ASSERTIONS = NO;
				ENABLE_STRICT_OBJC_MSGSEND = YES;
				GCC_C_LANGUAGE_STANDARD = gnu99;
				GCC_NO_COMMON_BLOCKS = YES;
				GCC_WARN_64_TO_32_BIT_CONVERSION = YES;
				GCC_WARN_ABOUT_RETURN_TYPE = YES_ERROR;
				GCC_WARN_UNDECLARED_SELECTOR = YES;
				GCC_WARN_UNINITIALIZED_AUTOS = YES_AGGRESSIVE;
				GCC_WARN_UNUSED_FUNCTION = YES;
				GCC_WARN_UNUSED_VARIABLE = YES;
				MACOSX_DEPLOYMENT_TARGET = 10.11;
				MTL_ENABLE_DEBUG_INFO = NO;
				SDKROOT = macosx;
			};
			name = Release;
		};
		7F5CC7111CA6805800FCA0DF /* Debug */ = {
			isa = XCBuildConfiguration;
			buildSettings = {
				PRODUCT_NAME = "$(TARGET_NAME)";
			};
			name = Debug;
		};
		7F5CC7121CA6805800FCA0DF /* Release */ = {
			isa = XCBuildConfiguration;
			buildSettings = {
				PRODUCT_NAME = "$(TARGET_NAME)";
			};
			name = Release;
		};
/* End XCBuildConfiguration section */

/* Begin XCConfigurationList section */
		7F5CC7041CA6805800FCA0DF /* Build configuration list for PBXProject "QWE" */ = {
			isa = XCConfigurationList;
			buildConfigurations = (
				7F5CC70E1CA6805800FCA0DF /* Debug */,
				7F5CC70F1CA6805800FCA0DF /* Release */,
			);
			defaultConfigurationIsVisible = 0;
			defaultConfigurationName = Release;
		};
		7F5CC7101CA6805800FCA0DF /* Build configuration list for PBXNativeTarget "QWE" */ = {
			isa = XCConfigurationList;
			buildConfigurations = (
				7F5CC7111CA6805800FCA0DF /* Debug */,
				7F5CC7121CA6805800FCA0DF /* Release */,
			);
			defaultConfigurationIsVisible = 0;
			defaultConfigurationName = Release;
		};
/* End XCConfigurationList section */
	};
	rootObject = 7F5CC7011CA6805800FCA0DF /* Project object */;
}
